// !$*UTF8*$!
{
	archiveVersion = 1;
	classes = {
	};
	objectVersion = 55;
	objects = {

/* Begin PBXBuildFile section */
		183BEF5A29A8480900475996 /* MemoryGame.swift in Sources */ = {isa = PBXBuildFile; fileRef = 183BEF5929A8480900475996 /* MemoryGame.swift */; };
		183BEF5C29A84BBD00475996 /* EmojiMemoryGame.swift in Sources */ = {isa = PBXBuildFile; fileRef = 183BEF5B29A84BBD00475996 /* EmojiMemoryGame.swift */; };
		187905B22891CA0C0061F866 /* Tests_iOS.swift in Sources */ = {isa = PBXBuildFile; fileRef = 187905B12891CA0C0061F866 /* Tests_iOS.swift */; };
		187905B42891CA0C0061F866 /* Tests_iOSLaunchTests.swift in Sources */ = {isa = PBXBuildFile; fileRef = 187905B32891CA0C0061F866 /* Tests_iOSLaunchTests.swift */; };
		187905BE2891CA0C0061F866 /* Tests_macOS.swift in Sources */ = {isa = PBXBuildFile; fileRef = 187905BD2891CA0C0061F866 /* Tests_macOS.swift */; };
		187905C02891CA0C0061F866 /* Tests_macOSLaunchTests.swift in Sources */ = {isa = PBXBuildFile; fileRef = 187905BF2891CA0C0061F866 /* Tests_macOSLaunchTests.swift */; };
		187905C12891CA0C0061F866 /* MatchItXCodeApp.swift in Sources */ = {isa = PBXBuildFile; fileRef = 187905992891CA070061F866 /* MatchItXCodeApp.swift */; };
		187905C22891CA0C0061F866 /* MatchItXCodeApp.swift in Sources */ = {isa = PBXBuildFile; fileRef = 187905992891CA070061F866 /* MatchItXCodeApp.swift */; };
		187905C32891CA0C0061F866 /* ContentView.swift in Sources */ = {isa = PBXBuildFile; fileRef = 1879059A2891CA070061F866 /* ContentView.swift */; };
		187905C42891CA0C0061F866 /* ContentView.swift in Sources */ = {isa = PBXBuildFile; fileRef = 1879059A2891CA070061F866 /* ContentView.swift */; };
		187905C52891CA0C0061F866 /* Assets.xcassets in Resources */ = {isa = PBXBuildFile; fileRef = 1879059B2891CA0C0061F866 /* Assets.xcassets */; };
		187905C62891CA0C0061F866 /* Assets.xcassets in Resources */ = {isa = PBXBuildFile; fileRef = 1879059B2891CA0C0061F866 /* Assets.xcassets */; };
/* End PBXBuildFile section */

/* Begin PBXContainerItemProxy section */
		187905AE2891CA0C0061F866 /* PBXContainerItemProxy */ = {
			isa = PBXContainerItemProxy;
			containerPortal = 187905942891CA070061F866 /* Project object */;
			proxyType = 1;
			remoteGlobalIDString = 1879059F2891CA0C0061F866;
			remoteInfo = "MatchItXCode (iOS)";
		};
		187905BA2891CA0C0061F866 /* PBXContainerItemProxy */ = {
			isa = PBXContainerItemProxy;
			containerPortal = 187905942891CA070061F866 /* Project object */;
			proxyType = 1;
			remoteGlobalIDString = 187905A52891CA0C0061F866;
			remoteInfo = "MatchItXCode (macOS)";
		};
/* End PBXContainerItemProxy section */

/* Begin PBXFileReference section */
		183BEF5929A8480900475996 /* MemoryGame.swift */ = {isa = PBXFileReference; lastKnownFileType = sourcecode.swift; path = MemoryGame.swift; sourceTree = "<group>"; };
		183BEF5B29A84BBD00475996 /* EmojiMemoryGame.swift */ = {isa = PBXFileReference; lastKnownFileType = sourcecode.swift; path = EmojiMemoryGame.swift; sourceTree = "<group>"; };
		187905992891CA070061F866 /* MatchItXCodeApp.swift */ = {isa = PBXFileReference; lastKnownFileType = sourcecode.swift; path = MatchItXCodeApp.swift; sourceTree = "<group>"; };
		1879059A2891CA070061F866 /* ContentView.swift */ = {isa = PBXFileReference; lastKnownFileType = sourcecode.swift; path = ContentView.swift; sourceTree = "<group>"; };
		1879059B2891CA0C0061F866 /* Assets.xcassets */ = {isa = PBXFileReference; lastKnownFileType = folder.assetcatalog; path = Assets.xcassets; sourceTree = "<group>"; };
		187905A02891CA0C0061F866 /* MatchItXCode.app */ = {isa = PBXFileReference; explicitFileType = wrapper.application; includeInIndex = 0; path = MatchItXCode.app; sourceTree = BUILT_PRODUCTS_DIR; };
		187905A62891CA0C0061F866 /* MatchItXCode.app */ = {isa = PBXFileReference; explicitFileType = wrapper.application; includeInIndex = 0; path = MatchItXCode.app; sourceTree = BUILT_PRODUCTS_DIR; };
		187905A82891CA0C0061F866 /* macOS.entitlements */ = {isa = PBXFileReference; lastKnownFileType = text.plist.entitlements; path = macOS.entitlements; sourceTree = "<group>"; };
		187905AD2891CA0C0061F866 /* Tests iOS.xctest */ = {isa = PBXFileReference; explicitFileType = wrapper.cfbundle; includeInIndex = 0; path = "Tests iOS.xctest"; sourceTree = BUILT_PRODUCTS_DIR; };
		187905B12891CA0C0061F866 /* Tests_iOS.swift */ = {isa = PBXFileReference; lastKnownFileType = sourcecode.swift; path = Tests_iOS.swift; sourceTree = "<group>"; };
		187905B32891CA0C0061F866 /* Tests_iOSLaunchTests.swift */ = {isa = PBXFileReference; lastKnownFileType = sourcecode.swift; path = Tests_iOSLaunchTests.swift; sourceTree = "<group>"; };
		187905B92891CA0C0061F866 /* Tests macOS.xctest */ = {isa = PBXFileReference; explicitFileType = wrapper.cfbundle; includeInIndex = 0; path = "Tests macOS.xctest"; sourceTree = BUILT_PRODUCTS_DIR; };
		187905BD2891CA0C0061F866 /* Tests_macOS.swift */ = {isa = PBXFileReference; lastKnownFileType = sourcecode.swift; path = Tests_macOS.swift; sourceTree = "<group>"; };
		187905BF2891CA0C0061F866 /* Tests_macOSLaunchTests.swift */ = {isa = PBXFileReference; lastKnownFileType = sourcecode.swift; path = Tests_macOSLaunchTests.swift; sourceTree = "<group>"; };
/* End PBXFileReference section */

/* Begin PBXFrameworksBuildPhase section */
		1879059D2891CA0C0061F866 /* Frameworks */ = {
			isa = PBXFrameworksBuildPhase;
			buildActionMask = 2147483647;
			files = (
			);
			runOnlyForDeploymentPostprocessing = 0;
		};
		187905A32891CA0C0061F866 /* Frameworks */ = {
			isa = PBXFrameworksBuildPhase;
			buildActionMask = 2147483647;
			files = (
			);
			runOnlyForDeploymentPostprocessing = 0;
		};
		187905AA2891CA0C0061F866 /* Frameworks */ = {
			isa = PBXFrameworksBuildPhase;
			buildActionMask = 2147483647;
			files = (
			);
			runOnlyForDeploymentPostprocessing = 0;
		};
		187905B62891CA0C0061F866 /* Frameworks */ = {
			isa = PBXFrameworksBuildPhase;
			buildActionMask = 2147483647;
			files = (
			);
			runOnlyForDeploymentPostprocessing = 0;
		};
/* End PBXFrameworksBuildPhase section */

/* Begin PBXGroup section */
		187905932891CA070061F866 = {
			isa = PBXGroup;
			children = (
				187905982891CA070061F866 /* Shared */,
				187905A72891CA0C0061F866 /* macOS */,
				187905B02891CA0C0061F866 /* Tests iOS */,
				187905BC2891CA0C0061F866 /* Tests macOS */,
				187905A12891CA0C0061F866 /* Products */,
			);
			sourceTree = "<group>";
		};
		187905982891CA070061F866 /* Shared */ = {
			isa = PBXGroup;
			children = (
				183BEF5929A8480900475996 /* MemoryGame.swift */,
				183BEF5B29A84BBD00475996 /* EmojiMemoryGame.swift */,
				187905992891CA070061F866 /* MatchItXCodeApp.swift */,
				1879059A2891CA070061F866 /* ContentView.swift */,
				1879059B2891CA0C0061F866 /* Assets.xcassets */,
			);
			path = Shared;
			sourceTree = "<group>";
		};
		187905A12891CA0C0061F866 /* Products */ = {
			isa = PBXGroup;
			children = (
				187905A02891CA0C0061F866 /* MatchItXCode.app */,
				187905A62891CA0C0061F866 /* MatchItXCode.app */,
				187905AD2891CA0C0061F866 /* Tests iOS.xctest */,
				187905B92891CA0C0061F866 /* Tests macOS.xctest */,
			);
			name = Products;
			sourceTree = "<group>";
		};
		187905A72891CA0C0061F866 /* macOS */ = {
			isa = PBXGroup;
			children = (
				187905A82891CA0C0061F866 /* macOS.entitlements */,
			);
			path = macOS;
			sourceTree = "<group>";
		};
		187905B02891CA0C0061F866 /* Tests iOS */ = {
			isa = PBXGroup;
			children = (
				187905B12891CA0C0061F866 /* Tests_iOS.swift */,
				187905B32891CA0C0061F866 /* Tests_iOSLaunchTests.swift */,
			);
			path = "Tests iOS";
			sourceTree = "<group>";
		};
		187905BC2891CA0C0061F866 /* Tests macOS */ = {
			isa = PBXGroup;
			children = (
				187905BD2891CA0C0061F866 /* Tests_macOS.swift */,
				187905BF2891CA0C0061F866 /* Tests_macOSLaunchTests.swift */,
			);
			path = "Tests macOS";
			sourceTree = "<group>";
		};
/* End PBXGroup section */

/* Begin PBXNativeTarget section */
		1879059F2891CA0C0061F866 /* MatchItXCode (iOS) */ = {
			isa = PBXNativeTarget;
			buildConfigurationList = 187905C92891CA0C0061F866 /* Build configuration list for PBXNativeTarget "MatchItXCode (iOS)" */;
			buildPhases = (
				1879059C2891CA0C0061F866 /* Sources */,
				1879059D2891CA0C0061F866 /* Frameworks */,
				1879059E2891CA0C0061F866 /* Resources */,
			);
			buildRules = (
			);
			dependencies = (
			);
			name = "MatchItXCode (iOS)";
			productName = "MatchItXCode (iOS)";
			productReference = 187905A02891CA0C0061F866 /* MatchItXCode.app */;
			productType = "com.apple.product-type.application";
		};
		187905A52891CA0C0061F866 /* MatchItXCode (macOS) */ = {
			isa = PBXNativeTarget;
			buildConfigurationList = 187905CC2891CA0C0061F866 /* Build configuration list for PBXNativeTarget "MatchItXCode (macOS)" */;
			buildPhases = (
				187905A22891CA0C0061F866 /* Sources */,
				187905A32891CA0C0061F866 /* Frameworks */,
				187905A42891CA0C0061F866 /* Resources */,
			);
			buildRules = (
			);
			dependencies = (
			);
			name = "MatchItXCode (macOS)";
			productName = "MatchItXCode (macOS)";
			productReference = 187905A62891CA0C0061F866 /* MatchItXCode.app */;
			productType = "com.apple.product-type.application";
		};
		187905AC2891CA0C0061F866 /* Tests iOS */ = {
			isa = PBXNativeTarget;
			buildConfigurationList = 187905CF2891CA0C0061F866 /* Build configuration list for PBXNativeTarget "Tests iOS" */;
			buildPhases = (
				187905A92891CA0C0061F866 /* Sources */,
				187905AA2891CA0C0061F866 /* Frameworks */,
				187905AB2891CA0C0061F866 /* Resources */,
			);
			buildRules = (
			);
			dependencies = (
				187905AF2891CA0C0061F866 /* PBXTargetDependency */,
			);
			name = "Tests iOS";
			productName = "Tests iOS";
			productReference = 187905AD2891CA0C0061F866 /* Tests iOS.xctest */;
			productType = "com.apple.product-type.bundle.ui-testing";
		};
		187905B82891CA0C0061F866 /* Tests macOS */ = {
			isa = PBXNativeTarget;
			buildConfigurationList = 187905D22891CA0C0061F866 /* Build configuration list for PBXNativeTarget "Tests macOS" */;
			buildPhases = (
				187905B52891CA0C0061F866 /* Sources */,
				187905B62891CA0C0061F866 /* Frameworks */,
				187905B72891CA0C0061F866 /* Resources */,
			);
			buildRules = (
			);
			dependencies = (
				187905BB2891CA0C0061F866 /* PBXTargetDependency */,
			);
			name = "Tests macOS";
			productName = "Tests macOS";
			productReference = 187905B92891CA0C0061F866 /* Tests macOS.xctest */;
			productType = "com.apple.product-type.bundle.ui-testing";
		};
/* End PBXNativeTarget section */

/* Begin PBXProject section */
		187905942891CA070061F866 /* Project object */ = {
			isa = PBXProject;
			attributes = {
				BuildIndependentTargetsInParallel = 1;
				LastSwiftUpdateCheck = 1340;
				LastUpgradeCheck = 1340;
				TargetAttributes = {
					1879059F2891CA0C0061F866 = {
						CreatedOnToolsVersion = 13.4.1;
					};
					187905A52891CA0C0061F866 = {
						CreatedOnToolsVersion = 13.4.1;
					};
					187905AC2891CA0C0061F866 = {
						CreatedOnToolsVersion = 13.4.1;
						TestTargetID = 1879059F2891CA0C0061F866;
					};
					187905B82891CA0C0061F866 = {
						CreatedOnToolsVersion = 13.4.1;
						TestTargetID = 187905A52891CA0C0061F866;
					};
				};
			};
			buildConfigurationList = 187905972891CA070061F866 /* Build configuration list for PBXProject "MatchItXCode" */;
			compatibilityVersion = "Xcode 13.0";
			developmentRegion = en;
			hasScannedForEncodings = 0;
			knownRegions = (
				en,
				Base,
			);
			mainGroup = 187905932891CA070061F866;
			productRefGroup = 187905A12891CA0C0061F866 /* Products */;
			projectDirPath = "";
			projectRoot = "";
			targets = (
				1879059F2891CA0C0061F866 /* MatchItXCode (iOS) */,
				187905A52891CA0C0061F866 /* MatchItXCode (macOS) */,
				187905AC2891CA0C0061F866 /* Tests iOS */,
				187905B82891CA0C0061F866 /* Tests macOS */,
			);
		};
/* End PBXProject section */

/* Begin PBXResourcesBuildPhase section */
		1879059E2891CA0C0061F866 /* Resources */ = {
			isa = PBXResourcesBuildPhase;
			buildActionMask = 2147483647;
			files = (
				187905C52891CA0C0061F866 /* Assets.xcassets in Resources */,
			);
			runOnlyForDeploymentPostprocessing = 0;
		};
		187905A42891CA0C0061F866 /* Resources */ = {
			isa = PBXResourcesBuildPhase;
			buildActionMask = 2147483647;
			files = (
				187905C62891CA0C0061F866 /* Assets.xcassets in Resources */,
			);
			runOnlyForDeploymentPostprocessing = 0;
		};
		187905AB2891CA0C0061F866 /* Resources */ = {
			isa = PBXResourcesBuildPhase;
			buildActionMask = 2147483647;
			files = (
			);
			runOnlyForDeploymentPostprocessing = 0;
		};
		187905B72891CA0C0061F866 /* Resources */ = {
			isa = PBXResourcesBuildPhase;
			buildActionMask = 2147483647;
			files = (
			);
			runOnlyForDeploymentPostprocessing = 0;
		};
/* End PBXResourcesBuildPhase section */

/* Begin PBXSourcesBuildPhase section */
		1879059C2891CA0C0061F866 /* Sources */ = {
			isa = PBXSourcesBuildPhase;
			buildActionMask = 2147483647;
			files = (
				183BEF5A29A8480900475996 /* MemoryGame.swift in Sources */,
				187905C32891CA0C0061F866 /* ContentView.swift in Sources */,
				187905C12891CA0C0061F866 /* MatchItXCodeApp.swift in Sources */,
				183BEF5C29A84BBD00475996 /* EmojiMemoryGame.swift in Sources */,
			);
			runOnlyForDeploymentPostprocessing = 0;
		};
		187905A22891CA0C0061F866 /* Sources */ = {
			isa = PBXSourcesBuildPhase;
			buildActionMask = 2147483647;
			files = (
				187905C42891CA0C0061F866 /* ContentView.swift in Sources */,
				187905C22891CA0C0061F866 /* MatchItXCodeApp.swift in Sources */,
			);
			runOnlyForDeploymentPostprocessing = 0;
		};
		187905A92891CA0C0061F866 /* Sources */ = {
			isa = PBXSourcesBuildPhase;
			buildActionMask = 2147483647;
			files = (
				187905B42891CA0C0061F866 /* Tests_iOSLaunchTests.swift in Sources */,
				187905B22891CA0C0061F866 /* Tests_iOS.swift in Sources */,
			);
			runOnlyForDeploymentPostprocessing = 0;
		};
		187905B52891CA0C0061F866 /* Sources */ = {
			isa = PBXSourcesBuildPhase;
			buildActionMask = 2147483647;
			files = (
				187905C02891CA0C0061F866 /* Tests_macOSLaunchTests.swift in Sources */,
				187905BE2891CA0C0061F866 /* Tests_macOS.swift in Sources */,
			);
			runOnlyForDeploymentPostprocessing = 0;
		};
/* End PBXSourcesBuildPhase section */

/* Begin PBXTargetDependency section */
		187905AF2891CA0C0061F866 /* PBXTargetDependency */ = {
			isa = PBXTargetDependency;
			target = 1879059F2891CA0C0061F866 /* MatchItXCode (iOS) */;
			targetProxy = 187905AE2891CA0C0061F866 /* PBXContainerItemProxy */;
		};
		187905BB2891CA0C0061F866 /* PBXTargetDependency */ = {
			isa = PBXTargetDependency;
			target = 187905A52891CA0C0061F866 /* MatchItXCode (macOS) */;
			targetProxy = 187905BA2891CA0C0061F866 /* PBXContainerItemProxy */;
		};
/* End PBXTargetDependency section */

/* Begin XCBuildConfiguration section */
		187905C72891CA0C0061F866 /* Debug */ = {
			isa = XCBuildConfiguration;
			buildSettings = {
				ALWAYS_SEARCH_USER_PATHS = NO;
				CLANG_ANALYZER_NONNULL = YES;
				CLANG_ANALYZER_NUMBER_OBJECT_CONVERSION = YES_AGGRESSIVE;
				CLANG_CXX_LANGUAGE_STANDARD = "gnu++17";
				CLANG_ENABLE_MODULES = YES;
				CLANG_ENABLE_OBJC_ARC = YES;
				CLANG_ENABLE_OBJC_WEAK = YES;
				CLANG_WARN_BLOCK_CAPTURE_AUTORELEASING = YES;
				CLANG_WARN_BOOL_CONVERSION = YES;
				CLANG_WARN_COMMA = YES;
				CLANG_WARN_CONSTANT_CONVERSION = YES;
				CLANG_WARN_DEPRECATED_OBJC_IMPLEMENTATIONS = YES;
				CLANG_WARN_DIRECT_OBJC_ISA_USAGE = YES_ERROR;
				CLANG_WARN_DOCUMENTATION_COMMENTS = YES;
				CLANG_WARN_EMPTY_BODY = YES;
				CLANG_WARN_ENUM_CONVERSION = YES;
				CLANG_WARN_INFINITE_RECURSION = YES;
				CLANG_WARN_INT_CONVERSION = YES;
				CLANG_WARN_NON_LITERAL_NULL_CONVERSION = YES;
				CLANG_WARN_OBJC_IMPLICIT_RETAIN_SELF = YES;
				CLANG_WARN_OBJC_LITERAL_CONVERSION = YES;
				CLANG_WARN_OBJC_ROOT_CLASS = YES_ERROR;
				CLANG_WARN_QUOTED_INCLUDE_IN_FRAMEWORK_HEADER = YES;
				CLANG_WARN_RANGE_LOOP_ANALYSIS = YES;
				CLANG_WARN_STRICT_PROTOTYPES = YES;
				CLANG_WARN_SUSPICIOUS_MOVE = YES;
				CLANG_WARN_UNGUARDED_AVAILABILITY = YES_AGGRESSIVE;
				CLANG_WARN_UNREACHABLE_CODE = YES;
				CLANG_WARN__DUPLICATE_METHOD_MATCH = YES;
				COPY_PHASE_STRIP = NO;
				DEBUG_INFORMATION_FORMAT = dwarf;
				ENABLE_STRICT_OBJC_MSGSEND = YES;
				ENABLE_TESTABILITY = YES;
				GCC_C_LANGUAGE_STANDARD = gnu11;
				GCC_DYNAMIC_NO_PIC = NO;
				GCC_NO_COMMON_BLOCKS = YES;
				GCC_OPTIMIZATION_LEVEL = 0;
				GCC_PREPROCESSOR_DEFINITIONS = (
					"DEBUG=1",
					"$(inherited)",
				);
				GCC_WARN_64_TO_32_BIT_CONVERSION = YES;
				GCC_WARN_ABOUT_RETURN_TYPE = YES_ERROR;
				GCC_WARN_UNDECLARED_SELECTOR = YES;
				GCC_WARN_UNINITIALIZED_AUTOS = YES_AGGRESSIVE;
				GCC_WARN_UNUSED_FUNCTION = YES;
				GCC_WARN_UNUSED_VARIABLE = YES;
				MTL_ENABLE_DEBUG_INFO = INCLUDE_SOURCE;
				MTL_FAST_MATH = YES;
				ONLY_ACTIVE_ARCH = YES;
				SWIFT_ACTIVE_COMPILATION_CONDITIONS = DEBUG;
				SWIFT_OPTIMIZATION_LEVEL = "-Onone";
			};
			name = Debug;
		};
		187905C82891CA0C0061F866 /* Release */ = {
			isa = XCBuildConfiguration;
			buildSettings = {
				ALWAYS_SEARCH_USER_PATHS = NO;
				CLANG_ANALYZER_NONNULL = YES;
				CLANG_ANALYZER_NUMBER_OBJECT_CONVERSION = YES_AGGRESSIVE;
				CLANG_CXX_LANGUAGE_STANDARD = "gnu++17";
				CLANG_ENABLE_MODULES = YES;
				CLANG_ENABLE_OBJC_ARC = YES;
				CLANG_ENABLE_OBJC_WEAK = YES;
				CLANG_WARN_BLOCK_CAPTURE_AUTORELEASING = YES;
				CLANG_WARN_BOOL_CONVERSION = YES;
				CLANG_WARN_COMMA = YES;
				CLANG_WARN_CONSTANT_CONVERSION = YES;
				CLANG_WARN_DEPRECATED_OBJC_IMPLEMENTATIONS = YES;
				CLANG_WARN_DIRECT_OBJC_ISA_USAGE = YES_ERROR;
				CLANG_WARN_DOCUMENTATION_COMMENTS = YES;
				CLANG_WARN_EMPTY_BODY = YES;
				CLANG_WARN_ENUM_CONVERSION = YES;
				CLANG_WARN_INFINITE_RECURSION = YES;
				CLANG_WARN_INT_CONVERSION = YES;
				CLANG_WARN_NON_LITERAL_NULL_CONVERSION = YES;
				CLANG_WARN_OBJC_IMPLICIT_RETAIN_SELF = YES;
				CLANG_WARN_OBJC_LITERAL_CONVERSION = YES;
				CLANG_WARN_OBJC_ROOT_CLASS = YES_ERROR;
				CLANG_WARN_QUOTED_INCLUDE_IN_FRAMEWORK_HEADER = YES;
				CLANG_WARN_RANGE_LOOP_ANALYSIS = YES;
				CLANG_WARN_STRICT_PROTOTYPES = YES;
				CLANG_WARN_SUSPICIOUS_MOVE = YES;
				CLANG_WARN_UNGUARDED_AVAILABILITY = YES_AGGRESSIVE;
				CLANG_WARN_UNREACHABLE_CODE = YES;
				CLANG_WARN__DUPLICATE_METHOD_MATCH = YES;
				COPY_PHASE_STRIP = NO;
				DEBUG_INFORMATION_FORMAT = "dwarf-with-dsym";
				ENABLE_NS_ASSERTIONS = NO;
				ENABLE_STRICT_OBJC_MSGSEND = YES;
				GCC_C_LANGUAGE_STANDARD = gnu11;
				GCC_NO_COMMON_BLOCKS = YES;
				GCC_WARN_64_TO_32_BIT_CONVERSION = YES;
				GCC_WARN_ABOUT_RETURN_TYPE = YES_ERROR;
				GCC_WARN_UNDECLARED_SELECTOR = YES;
				GCC_WARN_UNINITIALIZED_AUTOS = YES_AGGRESSIVE;
				GCC_WARN_UNUSED_FUNCTION = YES;
				GCC_WARN_UNUSED_VARIABLE = YES;
				MTL_ENABLE_DEBUG_INFO = NO;
				MTL_FAST_MATH = YES;
				SWIFT_COMPILATION_MODE = wholemodule;
				SWIFT_OPTIMIZATION_LEVEL = "-O";
			};
			name = Release;
		};
		187905CA2891CA0C0061F866 /* Debug */ = {
			isa = XCBuildConfiguration;
			buildSettings = {
				ASSETCATALOG_COMPILER_APPICON_NAME = AppIcon;
				ASSETCATALOG_COMPILER_GLOBAL_ACCENT_COLOR_NAME = AccentColor;
				CODE_SIGN_STYLE = Automatic;
				CURRENT_PROJECT_VERSION = 1;
				DEVELOPMENT_TEAM = NRVD524KNA;
				ENABLE_PREVIEWS = YES;
				GENERATE_INFOPLIST_FILE = YES;
				INFOPLIST_KEY_UIApplicationSceneManifest_Generation = YES;
				INFOPLIST_KEY_UIApplicationSupportsIndirectInputEvents = YES;
				INFOPLIST_KEY_UILaunchScreen_Generation = YES;
				INFOPLIST_KEY_UISupportedInterfaceOrientations_iPad = "UIInterfaceOrientationPortrait UIInterfaceOrientationPortraitUpsideDown UIInterfaceOrientationLandscapeLeft UIInterfaceOrientationLandscapeRight";
				INFOPLIST_KEY_UISupportedInterfaceOrientations_iPhone = "UIInterfaceOrientationPortrait UIInterfaceOrientationLandscapeLeft UIInterfaceOrientationLandscapeRight";
				IPHONEOS_DEPLOYMENT_TARGET = 15.5;
				LD_RUNPATH_SEARCH_PATHS = (
					"$(inherited)",
					"@executable_path/Frameworks",
				);
				MARKETING_VERSION = 1.0;
				PRODUCT_BUNDLE_IDENTIFIER = "Zephyr-Technologies.MatchItXCode";
				PRODUCT_NAME = MatchItXCode;
				SDKROOT = iphoneos;
				SWIFT_EMIT_LOC_STRINGS = YES;
				SWIFT_VERSION = 5.0;
				TARGETED_DEVICE_FAMILY = "1,2";
			};
			name = Debug;
		};
		187905CB2891CA0C0061F866 /* Release */ = {
			isa = XCBuildConfiguration;
			buildSettings = {
				ASSETCATALOG_COMPILER_APPICON_NAME = AppIcon;
				ASSETCATALOG_COMPILER_GLOBAL_ACCENT_COLOR_NAME = AccentColor;
				CODE_SIGN_STYLE = Automatic;
				CURRENT_PROJECT_VERSION = 1;
				DEVELOPMENT_TEAM = NRVD524KNA;
				ENABLE_PREVIEWS = YES;
				GENERATE_INFOPLIST_FILE = YES;
				INFOPLIST_KEY_UIApplicationSceneManifest_Generation = YES;
				INFOPLIST_KEY_UIApplicationSupportsIndirectInputEvents = YES;
				INFOPLIST_KEY_UILaunchScreen_Generation = YES;
				INFOPLIST_KEY_UISupportedInterfaceOrientations_iPad = "UIInterfaceOrientationPortrait UIInterfaceOrientationPortraitUpsideDown UIInterfaceOrientationLandscapeLeft UIInterfaceOrientationLandscapeRight";
				INFOPLIST_KEY_UISupportedInterfaceOrientations_iPhone = "UIInterfaceOrientationPortrait UIInterfaceOrientationLandscapeLeft UIInterfaceOrientationLandscapeRight";
				IPHONEOS_DEPLOYMENT_TARGET = 15.5;
				LD_RUNPATH_SEARCH_PATHS = (
					"$(inherited)",
					"@executable_path/Frameworks",
				);
				MARKETING_VERSION = 1.0;
				PRODUCT_BUNDLE_IDENTIFIER = "Zephyr-Technologies.MatchItXCode";
				PRODUCT_NAME = MatchItXCode;
				SDKROOT = iphoneos;
				SWIFT_EMIT_LOC_STRINGS = YES;
				SWIFT_VERSION = 5.0;
				TARGETED_DEVICE_FAMILY = "1,2";
				VALIDATE_PRODUCT = YES;
			};
			name = Release;
		};
		187905CD2891CA0C0061F866 /* Debug */ = {
			isa = XCBuildConfiguration;
			buildSettings = {
				ASSETCATALOG_COMPILER_APPICON_NAME = AppIcon;
				ASSETCATALOG_COMPILER_GLOBAL_ACCENT_COLOR_NAME = AccentColor;
				CODE_SIGN_ENTITLEMENTS = macOS/macOS.entitlements;
				CODE_SIGN_STYLE = Automatic;
				COMBINE_HIDPI_IMAGES = YES;
				CURRENT_PROJECT_VERSION = 1;
				DEVELOPMENT_TEAM = NRVD524KNA;
				ENABLE_HARDENED_RUNTIME = YES;
				ENABLE_PREVIEWS = YES;
				GENERATE_INFOPLIST_FILE = YES;
				INFOPLIST_KEY_NSHumanReadableCopyright = "";
				LD_RUNPATH_SEARCH_PATHS = (
					"$(inherited)",
					"@executable_path/../Frameworks",
				);
				MACOSX_DEPLOYMENT_TARGET = 12.3;
				MARKETING_VERSION = 1.0;
				PRODUCT_BUNDLE_IDENTIFIER = "Zephyr-Technologies.MatchItXCode";
				PRODUCT_NAME = MatchItXCode;
				SDKROOT = macosx;
				SWIFT_EMIT_LOC_STRINGS = YES;
				SWIFT_VERSION = 5.0;
			};
			name = Debug;
		};
		187905CE2891CA0C0061F866 /* Release */ = {
			isa = XCBuildConfiguration;
			buildSettings = {
				ASSETCATALOG_COMPILER_APPICON_NAME = AppIcon;
				ASSETCATALOG_COMPILER_GLOBAL_ACCENT_COLOR_NAME = AccentColor;
				CODE_SIGN_ENTITLEMENTS = macOS/macOS.entitlements;
				CODE_SIGN_STYLE = Automatic;
				COMBINE_HIDPI_IMAGES = YES;
				CURRENT_PROJECT_VERSION = 1;
				DEVELOPMENT_TEAM = NRVD524KNA;
				ENABLE_HARDENED_RUNTIME = YES;
				ENABLE_PREVIEWS = YES;
				GENERATE_INFOPLIST_FILE = YES;
				INFOPLIST_KEY_NSHumanReadableCopyright = "";
				LD_RUNPATH_SEARCH_PATHS = (
					"$(inherited)",
					"@executable_path/../Frameworks",
				);
				MACOSX_DEPLOYMENT_TARGET = 12.3;
				MARKETING_VERSION = 1.0;
				PRODUCT_BUNDLE_IDENTIFIER = "Zephyr-Technologies.MatchItXCode";
				PRODUCT_NAME = MatchItXCode;
				SDKROOT = macosx;
				SWIFT_EMIT_LOC_STRINGS = YES;
				SWIFT_VERSION = 5.0;
			};
			name = Release;
		};
		187905D02891CA0C0061F866 /* Debug */ = {
			isa = XCBuildConfiguration;
			buildSettings = {
				ALWAYS_EMBED_SWIFT_STANDARD_LIBRARIES = YES;
				CODE_SIGN_STYLE = Automatic;
				CURRENT_PROJECT_VERSION = 1;
				DEVELOPMENT_TEAM = NRVD524KNA;
				GENERATE_INFOPLIST_FILE = YES;
				IPHONEOS_DEPLOYMENT_TARGET = 15.5;
				MARKETING_VERSION = 1.0;
				PRODUCT_BUNDLE_IDENTIFIER = "Zephyr-Technologies.Tests-iOS";
				PRODUCT_NAME = "$(TARGET_NAME)";
				SDKROOT = iphoneos;
				SWIFT_EMIT_LOC_STRINGS = NO;
				SWIFT_VERSION = 5.0;
				TARGETED_DEVICE_FAMILY = "1,2";
				TEST_TARGET_NAME = "MatchItXCode (iOS)";
			};
			name = Debug;
		};
		187905D12891CA0C0061F866 /* Release */ = {
			isa = XCBuildConfiguration;
			buildSettings = {
				ALWAYS_EMBED_SWIFT_STANDARD_LIBRARIES = YES;
				CODE_SIGN_STYLE = Automatic;
				CURRENT_PROJECT_VERSION = 1;
				DEVELOPMENT_TEAM = NRVD524KNA;
				GENERATE_INFOPLIST_FILE = YES;
				IPHONEOS_DEPLOYMENT_TARGET = 15.5;
				MARKETING_VERSION = 1.0;
				PRODUCT_BUNDLE_IDENTIFIER = "Zephyr-Technologies.Tests-iOS";
				PRODUCT_NAME = "$(TARGET_NAME)";
				SDKROOT = iphoneos;
				SWIFT_EMIT_LOC_STRINGS = NO;
				SWIFT_VERSION = 5.0;
				TARGETED_DEVICE_FAMILY = "1,2";
				TEST_TARGET_NAME = "MatchItXCode (iOS)";
				VALIDATE_PRODUCT = YES;
			};
			name = Release;
		};
		187905D32891CA0C0061F866 /* Debug */ = {
			isa = XCBuildConfiguration;
			buildSettings = {
				ALWAYS_EMBED_SWIFT_STANDARD_LIBRARIES = YES;
				CODE_SIGN_STYLE = Automatic;
				CURRENT_PROJECT_VERSION = 1;
				DEVELOPMENT_TEAM = NRVD524KNA;
				GENERATE_INFOPLIST_FILE = YES;
				MACOSX_DEPLOYMENT_TARGET = 12.3;
				MARKETING_VERSION = 1.0;
				PRODUCT_BUNDLE_IDENTIFIER = "Zephyr-Technologies.Tests-macOS";
				PRODUCT_NAME = "$(TARGET_NAME)";
				SDKROOT = macosx;
				SWIFT_EMIT_LOC_STRINGS = NO;
				SWIFT_VERSION = 5.0;
				TEST_TARGET_NAME = "MatchItXCode (macOS)";
			};
			name = Debug;
		};
		187905D42891CA0C0061F866 /* Release */ = {
			isa = XCBuildConfiguration;
			buildSettings = {
				ALWAYS_EMBED_SWIFT_STANDARD_LIBRARIES = YES;
				CODE_SIGN_STYLE = Automatic;
				CURRENT_PROJECT_VERSION = 1;
				DEVELOPMENT_TEAM = NRVD524KNA;
				GENERATE_INFOPLIST_FILE = YES;
				MACOSX_DEPLOYMENT_TARGET = 12.3;
				MARKETING_VERSION = 1.0;
				PRODUCT_BUNDLE_IDENTIFIER = "Zephyr-Technologies.Tests-macOS";
				PRODUCT_NAME = "$(TARGET_NAME)";
				SDKROOT = macosx;
				SWIFT_EMIT_LOC_STRINGS = NO;
				SWIFT_VERSION = 5.0;
				TEST_TARGET_NAME = "MatchItXCode (macOS)";
			};
			name = Release;
		};
/* End XCBuildConfiguration section */

/* Begin XCConfigurationList section */
		187905972891CA070061F866 /* Build configuration list for PBXProject "MatchItXCode" */ = {
			isa = XCConfigurationList;
			buildConfigurations = (
				187905C72891CA0C0061F866 /* Debug */,
				187905C82891CA0C0061F866 /* Release */,
			);
			defaultConfigurationIsVisible = 0;
			defaultConfigurationName = Release;
		};
		187905C92891CA0C0061F866 /* Build configuration list for PBXNativeTarget "MatchItXCode (iOS)" */ = {
			isa = XCConfigurationList;
			buildConfigurations = (
				187905CA2891CA0C0061F866 /* Debug */,
				187905CB2891CA0C0061F866 /* Release */,
			);
			defaultConfigurationIsVisible = 0;
			defaultConfigurationName = Release;
		};
		187905CC2891CA0C0061F866 /* Build configuration list for PBXNativeTarget "MatchItXCode (macOS)" */ = {
			isa = XCConfigurationList;
			buildConfigurations = (
				187905CD2891CA0C0061F866 /* Debug */,
				187905CE2891CA0C0061F866 /* Release */,
			);
			defaultConfigurationIsVisible = 0;
			defaultConfigurationName = Release;
		};
		187905CF2891CA0C0061F866 /* Build configuration list for PBXNativeTarget "Tests iOS" */ = {
			isa = XCConfigurationList;
			buildConfigurations = (
				187905D02891CA0C0061F866 /* Debug */,
				187905D12891CA0C0061F866 /* Release */,
			);
			defaultConfigurationIsVisible = 0;
			defaultConfigurationName = Release;
		};
		187905D22891CA0C0061F866 /* Build configuration list for PBXNativeTarget "Tests macOS" */ = {
			isa = XCConfigurationList;
			buildConfigurations = (
				187905D32891CA0C0061F866 /* Debug */,
				187905D42891CA0C0061F866 /* Release */,
			);
			defaultConfigurationIsVisible = 0;
			defaultConfigurationName = Release;
		};
/* End XCConfigurationList section */
	};
	rootObject = 187905942891CA070061F866 /* Project object */;
}
